
Microsoft Visual Studio Solution File, Format Version 12.00
# Visual Studio 14
VisualStudioVersion = 14.0.24720.0
MinimumVisualStudioVersion = 10.0.40219.1
Project("{059D6162-CD51-11D0-AE1F-00A0C90FFFC3}") = "freeglut", "freeglut.dsp", "{9F84C904-3541-47DA-9CB4-859133A41AA1}"
EndProject
Project("{059D6162-CD51-11D0-AE1F-00A0C90FFFC3}") = "freeglut_static", "freeglut_static.dsp", "{64B60697-B1C7-4AB8-B3A0-11A1F39A13A7}"
EndProject
Global
	GlobalSection(SolutionProperties) = preSolution
		HideSolutionNode = FALSE
	EndGlobalSection
EndGlobal
